{
  "lockfile_version": "1",
  "packages": {
    "commitizen@4.2.4": {
      "last_modified": "2022-01-01T22:37:24Z",
      "resolved": "github:NixOS/nixpkgs/0fd74961da9fe2640ad2fbd960c3af08246e6749#commitizen",
      "source": "devbox-search",
      "version": "4.2.4"
    },
    "github-cli@0.12.0": {
      "last_modified": "2020-09-11T09:12:21Z",
      "resolved": "github:NixOS/nixpkgs/6d4b93323e7f78121f8d6db6c59f3889aa1dd931#github-cli",
      "source": "devbox-search",
      "version": "0.12.0"
    },
    "hadolint@latest": {
      "last_modified": "2023-07-23T03:35:12Z",
      "resolved": "github:NixOS/nixpkgs/af8cd5ded7735ca1df1a1174864daab75feeb64a#hadolint",
      "source": "devbox-search",
      "version": "2.12.0"
    },
    "nodejs@18": {
      "last_modified": "2023-06-30T04:44:22Z",
      "plugin_version": "0.0.5",
      "resolved": "github:NixOS/nixpkgs/3c614fbc76fc152f3e1bc4b2263da6d90adf80fb#nodejs_18",
      "source": "devbox-search",
      "version": "18.16.1"
    },
    "pre-commit@latest": {
      "last_modified": "2023-06-30T04:44:22Z",
      "resolved": "github:NixOS/nixpkgs/3c614fbc76fc152f3e1bc4b2263da6d90adf80fb#pre-commit",
      "source": "devbox-search",
      "version": "3.3.3"
    },
    "shellcheck@latest": {
      "last_modified": "2023-07-23T03:35:12Z",
      "resolved": "github:NixOS/nixpkgs/af8cd5ded7735ca1df1a1174864daab75feeb64a#shellcheck",
      "source": "devbox-search",
      "version": "0.9.0"
    },
    "shfmt@latest": {
      "last_modified": "2023-08-08T03:07:33Z",
      "resolved": "github:NixOS/nixpkgs/844ffa82bbe2a2779c86ab3a72ff1b4176cec467#shfmt",
      "source": "devbox-search",
      "version": "3.7.0"
    }
  }
}
